{
  "version": "5",
  "specifiers": {
    "npm:@discordeno/gateway@21.0.0": "21.0.0",
    "npm:discord-interactions@4.4.0": "4.4.0",
    "npm:postgres@3.4.9": "3.4.9"
  },
  "npm": {
    "@discordeno/gateway@21.0.0": {
      "integrity": "sha512-ur5Hatd1x86PPI4UnXKghAWat3vS90NvLJcpOSu1B1gYSENRZow8dohZ8Ov58SXWq5nZVuBYDJNCR248pWJvrg==",
      "dependencies": [
        "@discordeno/types",
        "@discordeno/utils",
        "ws"
      ],
      "optionalDependencies": [
        "fzstd"
      ]
    },
    "@discordeno/types@21.0.0": {
      "integrity": "sha512-TUZAEqqlXRNQji+NCaQo8DruzI8rXbBvMaZYsZvN9f03PrdSddzMOy3cjs4eeL6ZMVocmMVRIaVnB713blylCw=="
    },
    "@discordeno/utils@21.0.0": {
      "integrity": "sha512-I7I3Szlk+LkT/CRmJJiLPsjuBUjbuXUCvOzsgWCltkxDMIGmQeNoQtFK7t89V1Gcc4icsrnHVMho1BcaAITijg==",
      "dependencies": [
        "@discordeno/types"
      ]
    },
    "discord-interactions@4.4.0": {
      "integrity": "sha512-jjJx8iwAeJcj8oEauV43fue9lNqkf38fy60aSs2+G8D1nJmDxUIrk08o3h0F3wgwuBWWJUZO+X/VgfXsxpCiJA=="
    },
    "fzstd@0.1.1": {
      "integrity": "sha512-dkuVSOKKwh3eas5VkJy1AW1vFpet8TA/fGmVA5krThl8YcOVE/8ZIoEA1+U1vEn5ckxxhLirSdY837azmbaNHA=="
    },
    "postgres@3.4.9": {
      "integrity": "sha512-GD3qdB0x1z9xgFI6cdRD6xu2Sp2WCOEoe3mtnyB5Ee0XrrL5Pe+e4CCnJrRMnL1zYtRDZmQQVbvOttLnKDLnaw=="
    },
    "ws@8.22.0": {
      "integrity": "sha512-Ydggc987+RO0AnWtZ/7Wq9FtNvcrL1b/RO0ud9mWjUPgDrsAAwQSF51sm2hm1XofbU/4jkpGEsLFsZZxU+1DOg=="
    }
  },
  "workspace": {
    "dependencies": [
      "npm:@discordeno/gateway@21.0.0",
      "npm:discord-interactions@4.4.0",
      "npm:postgres@3.4.9"
    ]
  }
}
