{
  "version": "5",
  "specifiers": {
    "npm:discord-interactions@4.4.0": "4.4.0",
    "npm:postgres@3.4.9": "3.4.9"
  },
  "npm": {
    "discord-interactions@4.4.0": {
      "integrity": "sha512-jjJx8iwAeJcj8oEauV43fue9lNqkf38fy60aSs2+G8D1nJmDxUIrk08o3h0F3wgwuBWWJUZO+X/VgfXsxpCiJA=="
    },
    "postgres@3.4.9": {
      "integrity": "sha512-GD3qdB0x1z9xgFI6cdRD6xu2Sp2WCOEoe3mtnyB5Ee0XrrL5Pe+e4CCnJrRMnL1zYtRDZmQQVbvOttLnKDLnaw=="
    }
  },
  "workspace": {
    "dependencies": [
      "npm:discord-interactions@4.4.0",
      "npm:postgres@3.4.9"
    ]
  }
}
